{
  "name": "ember-cli-yaml-module",
  "version": "1.0.0",
  "lockfileVersion": 1,
  "requires": true,
  "dependencies": {
    "argparse": {
      "version": "1.0.9",
      "resolved": "https://registry.npmjs.org/argparse/-/argparse-1.0.9.tgz",
      "integrity": "sha1-c9g7wmP4bpf4zE9rrhsOkKfSLIY=",
      "requires": {
        "sprintf-js": "1.0.3"
      },
      "dependencies": {
        "sprintf-js": {
          "version": "1.0.3",
          "resolved": "https://registry.npmjs.org/sprintf-js/-/sprintf-js-1.0.3.tgz",
          "integrity": "sha1-BOaSb2YolTVPPdAVIDYzuFcpfiw="
        }
      }
    },
    "async": {
      "version": "2.5.0",
      "resolved": "https://registry.npmjs.org/async/-/async-2.5.0.tgz",
      "integrity": "sha512-e+lJAJeNWuPCNyxZKOBdaJGyLGHugXVQtrAwtuAe2vhxTYxFTKE73p8JuTmdH0qdQZtDvI4dhJwjZc5zsfIsYw==",
      "requires": {
        "lodash": "4.17.4"
      }
    },
    "async-disk-cache": {
      "version": "1.3.3",
      "resolved": "https://registry.npmjs.org/async-disk-cache/-/async-disk-cache-1.3.3.tgz",
      "integrity": "sha512-GyaWSbDAZCltxSobtj1m1ptXa0+zSdjWs3sM4IqnvhoRwMDHW5786sXQ1RiXbR3ZGuQe6NXMB4N0vUmW163cew==",
      "requires": {
        "debug": "2.6.9",
        "heimdalljs": "0.2.5",
        "istextorbinary": "2.1.0",
        "mkdirp": "0.5.1",
        "rimraf": "2.6.2",
        "rsvp": "3.6.2",
        "username-sync": "1.0.1"
      }
    },
    "async-promise-queue": {
      "version": "1.0.4",
      "resolved": "https://registry.npmjs.org/async-promise-queue/-/async-promise-queue-1.0.4.tgz",
      "integrity": "sha512-GQ5X3DT+TefYuFPHdvIPXFTlKnh39U7dwtl+aUBGeKjMea9nBpv3c91DXgeyBQmY07vQ97f3Sr9XHqkamEameQ==",
      "requires": {
        "async": "2.5.0",
        "debug": "2.6.9"
      }
    },
    "balanced-match": {
      "version": "1.0.0",
      "resolved": "https://registry.npmjs.org/balanced-match/-/balanced-match-1.0.0.tgz",
      "integrity": "sha1-ibTRmasr7kneFk6gK4nORi1xt2c="
    },
    "binaryextensions": {
      "version": "2.0.0",
      "resolved": "https://registry.npmjs.org/binaryextensions/-/binaryextensions-2.0.0.tgz",
      "integrity": "sha1-5ZfRp6ajVYotHHJBoWyZll5qpA8="
    },
    "brace-expansion": {
      "version": "1.1.8",
      "resolved": "https://registry.npmjs.org/brace-expansion/-/brace-expansion-1.1.8.tgz",
      "integrity": "sha1-wHshHHyVLsH479Uad+8NHTmQopI=",
      "requires": {
        "balanced-match": "1.0.0",
        "concat-map": "0.0.1"
      }
    },
    "broccoli-kitchen-sink-helpers": {
      "version": "0.3.1",
      "resolved": "https://registry.npmjs.org/broccoli-kitchen-sink-helpers/-/broccoli-kitchen-sink-helpers-0.3.1.tgz",
      "integrity": "sha1-d8fBgZS5ZkFj7E/O4nk0RJJuDAY=",
      "requires": {
        "glob": "5.0.15",
        "mkdirp": "0.5.1"
      },
      "dependencies": {
        "glob": {
          "version": "5.0.15",
          "resolved": "https://registry.npmjs.org/glob/-/glob-5.0.15.tgz",
          "integrity": "sha1-G8k2ueAvSmA/zCIuz3Yz0wuLk7E=",
          "requires": {
            "inflight": "1.0.6",
            "inherits": "2.0.3",
            "minimatch": "3.0.4",
            "once": "1.4.0",
            "path-is-absolute": "1.0.1"
          }
        }
      }
    },
    "broccoli-persistent-filter": {
      "version": "1.4.3",
      "resolved": "https://registry.npmjs.org/broccoli-persistent-filter/-/broccoli-persistent-filter-1.4.3.tgz",
      "integrity": "sha512-JwNLDvvXJlhUmr+CHcbVhCyp33NbCIAITjQZmJY9e8QzANXh3jpFWlhSFvkWghwKA8rTAKcXkW12agtiZjxr4g==",
      "requires": {
        "async-disk-cache": "1.3.3",
        "async-promise-queue": "1.0.4",
        "broccoli-plugin": "1.3.0",
        "fs-tree-diff": "0.5.6",
        "hash-for-dep": "1.2.0",
        "heimdalljs": "0.2.5",
        "heimdalljs-logger": "0.1.9",
        "mkdirp": "0.5.1",
        "promise-map-series": "0.2.3",
        "rimraf": "2.6.2",
        "rsvp": "3.6.2",
        "symlink-or-copy": "1.1.8",
        "walk-sync": "0.3.2"
      }
    },
    "broccoli-plugin": {
      "version": "1.3.0",
      "resolved": "https://registry.npmjs.org/broccoli-plugin/-/broccoli-plugin-1.3.0.tgz",
      "integrity": "sha1-vucEqOQtoIy1jlE6qkNu+38O8e4=",
      "requires": {
        "promise-map-series": "0.2.3",
        "quick-temp": "0.1.8",
        "rimraf": "2.6.2",
        "symlink-or-copy": "1.1.8"
      }
    },
    "concat-map": {
      "version": "0.0.1",
      "resolved": "https://registry.npmjs.org/concat-map/-/concat-map-0.0.1.tgz",
      "integrity": "sha1-2Klr13/Wjfd5OnMDajug1UBdR3s="
    },
    "debug": {
      "version": "2.6.9",
      "resolved": "https://registry.npmjs.org/debug/-/debug-2.6.9.tgz",
      "integrity": "sha512-bC7ElrdJaJnPbAP+1EotYvqZsb3ecl5wi6Bfi6BJTUcNowp6cvspg0jXznRTKDjm/E7AdgFBVeAPVMNcKGsHMA==",
      "requires": {
        "ms": "2.0.0"
      }
    },
    "editions": {
      "version": "1.3.3",
      "resolved": "https://registry.npmjs.org/editions/-/editions-1.3.3.tgz",
      "integrity": "sha1-CQcQG92iD6w8vjNMJ8vQaI3Jmls="
    },
    "ensure-posix-path": {
      "version": "1.0.2",
      "resolved": "https://registry.npmjs.org/ensure-posix-path/-/ensure-posix-path-1.0.2.tgz",
      "integrity": "sha1-pls+QtC3HPxYXrd0+ZQ8jZuRsMI="
    },
    "esprima": {
      "version": "4.0.0",
      "resolved": "https://registry.npmjs.org/esprima/-/esprima-4.0.0.tgz",
      "integrity": "sha512-oftTcaMu/EGrEIu904mWteKIv8vMuOgGYo7EhVJJN00R/EED9DCua/xxHRdYnKtcECzVg7xOWhflvJMnqcFZjw=="
    },
    "fs-tree-diff": {
      "version": "0.5.6",
      "resolved": "https://registry.npmjs.org/fs-tree-diff/-/fs-tree-diff-0.5.6.tgz",
      "integrity": "sha1-NCZldJ6NykBoALZyJoyPUHPz5iM=",
      "requires": {
        "heimdalljs-logger": "0.1.9",
        "object-assign": "4.1.1",
        "path-posix": "1.0.0",
        "symlink-or-copy": "1.1.8"
      }
    },
    "fs.realpath": {
      "version": "1.0.0",
      "resolved": "https://registry.npmjs.org/fs.realpath/-/fs.realpath-1.0.0.tgz",
      "integrity": "sha1-FQStJSMVjKpA20onh8sBQRmU6k8="
    },
    "glob": {
      "version": "7.1.2",
      "resolved": "https://registry.npmjs.org/glob/-/glob-7.1.2.tgz",
      "integrity": "sha512-MJTUg1kjuLeQCJ+ccE4Vpa6kKVXkPYJ2mOCQyUuKLcLQsdrMCpBPUi8qVE6+YuaJkozeA9NusTAw3hLr8Xe5EQ==",
      "requires": {
        "fs.realpath": "1.0.0",
        "inflight": "1.0.6",
        "inherits": "2.0.3",
        "minimatch": "3.0.4",
        "once": "1.4.0",
        "path-is-absolute": "1.0.1"
      }
    },
    "hash-for-dep": {
      "version": "1.2.0",
      "resolved": "https://registry.npmjs.org/hash-for-dep/-/hash-for-dep-1.2.0.tgz",
      "integrity": "sha512-nTAMv4FEqSmV/u/LnPnw0YZJP0Qve7lLv5D8q5Zu441gI/lBZCq3BwnoZjlOn/HBLoK9DgyY+qVhCzxb1dAAiA==",
      "requires": {
        "broccoli-kitchen-sink-helpers": "0.3.1",
        "heimdalljs": "0.2.5",
        "heimdalljs-logger": "0.1.9",
        "resolve": "1.4.0"
      }
    },
    "heimdalljs": {
      "version": "0.2.5",
      "resolved": "https://registry.npmjs.org/heimdalljs/-/heimdalljs-0.2.5.tgz",
      "integrity": "sha1-aqVDCO7nk7ZCz/nPlHgURfN3MKw=",
      "requires": {
        "rsvp": "3.2.1"
      },
      "dependencies": {
        "rsvp": {
          "version": "3.2.1",
          "resolved": "https://registry.npmjs.org/rsvp/-/rsvp-3.2.1.tgz",
          "integrity": "sha1-B8tKXfJa3Z6Cbrxn3Mn9idsn2Eo="
        }
      }
    },
    "heimdalljs-logger": {
      "version": "0.1.9",
      "resolved": "https://registry.npmjs.org/heimdalljs-logger/-/heimdalljs-logger-0.1.9.tgz",
      "integrity": "sha1-12raTkW3u294b8nAEKaOsuL68XY=",
      "requires": {
        "debug": "2.6.9",
        "heimdalljs": "0.2.5"
      }
    },
    "inflight": {
      "version": "1.0.6",
      "resolved": "https://registry.npmjs.org/inflight/-/inflight-1.0.6.tgz",
      "integrity": "sha1-Sb1jMdfQLQwJvJEKEHW6gWW1bfk=",
      "requires": {
        "once": "1.4.0",
        "wrappy": "1.0.2"
      }
    },
    "inherits": {
      "version": "2.0.3",
      "resolved": "https://registry.npmjs.org/inherits/-/inherits-2.0.3.tgz",
      "integrity": "sha1-Yzwsg+PaQqUC9SRmAiSA9CCCYd4="
    },
    "istextorbinary": {
      "version": "2.1.0",
      "resolved": "https://registry.npmjs.org/istextorbinary/-/istextorbinary-2.1.0.tgz",
      "integrity": "sha1-2+0qb1G+L3R1to+JRlgRFBt1iHQ=",
      "requires": {
        "binaryextensions": "2.0.0",
        "editions": "1.3.3",
        "textextensions": "2.1.0"
      }
    },
    "js-yaml": {
      "version": "3.10.0",
      "resolved": "https://registry.npmjs.org/js-yaml/-/js-yaml-3.10.0.tgz",
      "integrity": "sha512-O2v52ffjLa9VeM43J4XocZE//WT9N0IiwDa3KSHH7Tu8CtH+1qM8SIZvnsTh6v+4yFy5KUY3BHUVwjpfAWsjIA==",
      "requires": {
        "argparse": "1.0.9",
        "esprima": "4.0.0"
      }
    },
    "lodash": {
      "version": "4.17.4",
      "resolved": "https://registry.npmjs.org/lodash/-/lodash-4.17.4.tgz",
      "integrity": "sha1-eCA6TRwyiuHYbcpkYONptX9AVa4="
    },
    "matcher-collection": {
      "version": "1.0.5",
      "resolved": "https://registry.npmjs.org/matcher-collection/-/matcher-collection-1.0.5.tgz",
      "integrity": "sha512-nUCmzKipcJEwYsBVAFh5P+d7JBuhJaW1xs85Hara9xuMLqtCVUrW6DSC0JVIkluxEH2W45nPBM/wjHtBXa/tYA==",
      "requires": {
        "minimatch": "3.0.4"
      }
    },
    "minimatch": {
      "version": "3.0.4",
      "resolved": "https://registry.npmjs.org/minimatch/-/minimatch-3.0.4.tgz",
      "integrity": "sha512-yJHVQEhyqPLUTgt9B83PXu6W3rx4MvvHvSUvToogpwoGDOUQ+yDrR0HRot+yOCdCO7u4hX3pWft6kWBBcqh0UA==",
      "requires": {
        "brace-expansion": "1.1.8"
      }
    },
    "minimist": {
      "version": "0.0.8",
      "resolved": "https://registry.npmjs.org/minimist/-/minimist-0.0.8.tgz",
      "integrity": "sha1-hX/Kv8M5fSYluCKCYuhqp6ARsF0="
    },
    "mkdirp": {
      "version": "0.5.1",
      "resolved": "https://registry.npmjs.org/mkdirp/-/mkdirp-0.5.1.tgz",
      "integrity": "sha1-MAV0OOrGz3+MR2fzhkjWaX11yQM=",
      "requires": {
        "minimist": "0.0.8"
      }
    },
    "mktemp": {
      "version": "0.4.0",
      "resolved": "https://registry.npmjs.org/mktemp/-/mktemp-0.4.0.tgz",
      "integrity": "sha1-bQUVYRyKjITkhKogABKbmOmB/ws="
    },
    "ms": {
      "version": "2.0.0",
      "resolved": "https://registry.npmjs.org/ms/-/ms-2.0.0.tgz",
      "integrity": "sha1-VgiurfwAvmwpAd9fmGF4jeDVl8g="
    },
    "object-assign": {
      "version": "4.1.1",
      "resolved": "https://registry.npmjs.org/object-assign/-/object-assign-4.1.1.tgz",
      "integrity": "sha1-IQmtx5ZYh8/AXLvUQsrIv7s2CGM="
    },
    "once": {
      "version": "1.4.0",
      "resolved": "https://registry.npmjs.org/once/-/once-1.4.0.tgz",
      "integrity": "sha1-WDsap3WWHUsROsF9nFC6753Xa9E=",
      "requires": {
        "wrappy": "1.0.2"
      }
    },
    "path-is-absolute": {
      "version": "1.0.1",
      "resolved": "https://registry.npmjs.org/path-is-absolute/-/path-is-absolute-1.0.1.tgz",
      "integrity": "sha1-F0uSaHNVNP+8es5r9TpanhtcX18="
    },
    "path-parse": {
      "version": "1.0.5",
      "resolved": "https://registry.npmjs.org/path-parse/-/path-parse-1.0.5.tgz",
      "integrity": "sha1-PBrfhx6pzWyUMbbqK9dKD/BVxME="
    },
    "path-posix": {
      "version": "1.0.0",
      "resolved": "https://registry.npmjs.org/path-posix/-/path-posix-1.0.0.tgz",
      "integrity": "sha1-BrJhE/Vr6rBCVFojv6iAA8ysJg8="
    },
    "promise-map-series": {
      "version": "0.2.3",
      "resolved": "https://registry.npmjs.org/promise-map-series/-/promise-map-series-0.2.3.tgz",
      "integrity": "sha1-wtN3r8kyU/a9A9u3d1XriKsgqEc=",
      "requires": {
        "rsvp": "3.6.2"
      }
    },
    "quick-temp": {
      "version": "0.1.8",
      "resolved": "https://registry.npmjs.org/quick-temp/-/quick-temp-0.1.8.tgz",
      "integrity": "sha1-urAqJCq4+w3XWKPJd2sy+aXZRAg=",
      "requires": {
        "mktemp": "0.4.0",
        "rimraf": "2.6.2",
        "underscore.string": "3.3.4"
      }
    },
    "resolve": {
      "version": "1.4.0",
      "resolved": "https://registry.npmjs.org/resolve/-/resolve-1.4.0.tgz",
      "integrity": "sha512-aW7sVKPufyHqOmyyLzg/J+8606v5nevBgaliIlV7nUpVMsDnoBGV/cbSLNjZAg9q0Cfd/+easKVKQ8vOu8fn1Q==",
      "requires": {
        "path-parse": "1.0.5"
      }
    },
    "rimraf": {
      "version": "2.6.2",
      "resolved": "https://registry.npmjs.org/rimraf/-/rimraf-2.6.2.tgz",
      "integrity": "sha512-lreewLK/BlghmxtfH36YYVg1i8IAce4TI7oao75I1g245+6BctqTVQiBP3YUJ9C6DQOXJmkYR9X9fCLtCOJc5w==",
      "requires": {
        "glob": "7.1.2"
      }
    },
    "rsvp": {
      "version": "3.6.2",
      "resolved": "https://registry.npmjs.org/rsvp/-/rsvp-3.6.2.tgz",
      "integrity": "sha512-OfWGQTb9vnwRjwtA2QwpG2ICclHC3pgXZO5xt8H2EfgDquO0qVdSb5T88L4qJVAEugbS56pAuV4XZM58UX8ulw=="
    },
    "sprintf-js": {
      "version": "1.1.1",
      "resolved": "https://registry.npmjs.org/sprintf-js/-/sprintf-js-1.1.1.tgz",
      "integrity": "sha1-Nr54Mgr+WAH2zqPueLblqrlA6gw="
    },
    "symlink-or-copy": {
      "version": "1.1.8",
      "resolved": "https://registry.npmjs.org/symlink-or-copy/-/symlink-or-copy-1.1.8.tgz",
      "integrity": "sha1-yr5h4AEMHAI8Fzsl7lEIs39LSqM="
    },
    "textextensions": {
      "version": "2.1.0",
      "resolved": "https://registry.npmjs.org/textextensions/-/textextensions-2.1.0.tgz",
      "integrity": "sha1-G+DcKg3CRNRL6KCa9qha+5PE28M="
    },
    "underscore.string": {
      "version": "3.3.4",
      "resolved": "https://registry.npmjs.org/underscore.string/-/underscore.string-3.3.4.tgz",
      "integrity": "sha1-LCo/n4PmR2L9xF5s6sZRQoZCE9s=",
      "requires": {
        "sprintf-js": "1.1.1",
        "util-deprecate": "1.0.2"
      }
    },
    "username-sync": {
      "version": "1.0.1",
      "resolved": "https://registry.npmjs.org/username-sync/-/username-sync-1.0.1.tgz",
      "integrity": "sha1-HN6H7vz5S4gimE2Ti6K3l0Jtrh8="
    },
    "util-deprecate": {
      "version": "1.0.2",
      "resolved": "https://registry.npmjs.org/util-deprecate/-/util-deprecate-1.0.2.tgz",
      "integrity": "sha1-RQ1Nyfpw3nMnYvvS1KKJgUGaDM8="
    },
    "walk-sync": {
      "version": "0.3.2",
      "resolved": "https://registry.npmjs.org/walk-sync/-/walk-sync-0.3.2.tgz",
      "integrity": "sha512-FMB5VqpLqOCcqrzA9okZFc0wq0Qbmdm396qJxvQZhDpyu0W95G9JCmp74tx7iyYnyOcBtUuKJsgIKAqjozvmmQ==",
      "requires": {
        "ensure-posix-path": "1.0.2",
        "matcher-collection": "1.0.5"
      }
    },
    "wrappy": {
      "version": "1.0.2",
      "resolved": "https://registry.npmjs.org/wrappy/-/wrappy-1.0.2.tgz",
      "integrity": "sha1-tSQ9jz7BqjXxNkYFvA0QNuMKtp8="
    }
  }
}
