{
  "name": "ember-cli-yaml-module",
  "version": "1.0.1",
  "lockfileVersion": 1,
  "requires": true,
  "dependencies": {
    "@types/minimatch": {
      "version": "3.0.3",
      "resolved": "https://registry.npmjs.org/@types/minimatch/-/minimatch-3.0.3.tgz",
      "integrity": "sha512-tHq6qdbT9U1IRSGf14CL0pUlULksvY9OZ+5eEgl1N7t+OA3tGvNpxJCzuKQlsNgCVwbAs670L1vcVQi8j9HjnA=="
    },
    "@types/symlink-or-copy": {
      "version": "1.2.0",
      "resolved": "https://registry.npmjs.org/@types/symlink-or-copy/-/symlink-or-copy-1.2.0.tgz",
      "integrity": "sha512-Lja2xYuuf2B3knEsga8ShbOdsfNOtzT73GyJmZyY7eGl2+ajOqrs8yM5ze0fsSoYwvA6bw7/Qr7OZ7PEEmYwWg=="
    },
    "argparse": {
      "version": "1.0.9",
      "resolved": "https://registry.npmjs.org/argparse/-/argparse-1.0.9.tgz",
      "integrity": "sha1-c9g7wmP4bpf4zE9rrhsOkKfSLIY=",
      "requires": {
        "sprintf-js": "1.0.3"
      },
      "dependencies": {
        "sprintf-js": {
          "version": "1.0.3",
          "resolved": "https://registry.npmjs.org/sprintf-js/-/sprintf-js-1.0.3.tgz",
          "integrity": "sha1-BOaSb2YolTVPPdAVIDYzuFcpfiw="
        }
      }
    },
    "async": {
      "version": "2.5.0",
      "resolved": "https://registry.npmjs.org/async/-/async-2.5.0.tgz",
      "integrity": "sha512-e+lJAJeNWuPCNyxZKOBdaJGyLGHugXVQtrAwtuAe2vhxTYxFTKE73p8JuTmdH0qdQZtDvI4dhJwjZc5zsfIsYw==",
      "requires": {
        "lodash": "4.17.4"
      }
    },
    "async-disk-cache": {
      "version": "1.3.3",
      "resolved": "https://registry.npmjs.org/async-disk-cache/-/async-disk-cache-1.3.3.tgz",
      "integrity": "sha512-GyaWSbDAZCltxSobtj1m1ptXa0+zSdjWs3sM4IqnvhoRwMDHW5786sXQ1RiXbR3ZGuQe6NXMB4N0vUmW163cew==",
      "requires": {
        "debug": "2.6.9",
        "heimdalljs": "0.2.5",
        "istextorbinary": "2.1.0",
        "mkdirp": "0.5.1",
        "rimraf": "2.6.2",
        "rsvp": "3.6.2",
        "username-sync": "1.0.1"
      }
    },
    "async-promise-queue": {
      "version": "1.0.4",
      "resolved": "https://registry.npmjs.org/async-promise-queue/-/async-promise-queue-1.0.4.tgz",
      "integrity": "sha512-GQ5X3DT+TefYuFPHdvIPXFTlKnh39U7dwtl+aUBGeKjMea9nBpv3c91DXgeyBQmY07vQ97f3Sr9XHqkamEameQ==",
      "requires": {
        "async": "2.5.0",
        "debug": "2.6.9"
      }
    },
    "balanced-match": {
      "version": "1.0.0",
      "resolved": "https://registry.npmjs.org/balanced-match/-/balanced-match-1.0.0.tgz",
      "integrity": "sha1-ibTRmasr7kneFk6gK4nORi1xt2c="
    },
    "binaryextensions": {
      "version": "2.0.0",
      "resolved": "https://registry.npmjs.org/binaryextensions/-/binaryextensions-2.0.0.tgz",
      "integrity": "sha1-5ZfRp6ajVYotHHJBoWyZll5qpA8="
    },
    "brace-expansion": {
      "version": "1.1.8",
      "resolved": "https://registry.npmjs.org/brace-expansion/-/brace-expansion-1.1.8.tgz",
      "integrity": "sha1-wHshHHyVLsH479Uad+8NHTmQopI=",
      "requires": {
        "balanced-match": "1.0.0",
        "concat-map": "0.0.1"
      }
    },
    "broccoli-kitchen-sink-helpers": {
      "version": "0.3.1",
      "resolved": "https://registry.npmjs.org/broccoli-kitchen-sink-helpers/-/broccoli-kitchen-sink-helpers-0.3.1.tgz",
      "integrity": "sha1-d8fBgZS5ZkFj7E/O4nk0RJJuDAY=",
      "requires": {
        "glob": "5.0.15",
        "mkdirp": "0.5.1"
      },
      "dependencies": {
        "glob": {
          "version": "5.0.15",
          "resolved": "https://registry.npmjs.org/glob/-/glob-5.0.15.tgz",
          "integrity": "sha1-G8k2ueAvSmA/zCIuz3Yz0wuLk7E=",
          "requires": {
            "inflight": "1.0.6",
            "inherits": "2.0.3",
            "minimatch": "3.0.4",
            "once": "1.4.0",
            "path-is-absolute": "1.0.1"
          }
        }
      }
    },
    "broccoli-persistent-filter": {
      "version": "2.3.1",
      "resolved": "https://registry.npmjs.org/broccoli-persistent-filter/-/broccoli-persistent-filter-2.3.1.tgz",
      "integrity": "sha512-hVsmIgCDrl2NFM+3Gs4Cr2TA6UPaIZip99hN8mtkaUPgM8UeVnCbxelCvBjUBHo0oaaqP5jzqqnRVvb568Yu5g==",
      "requires": {
        "async-disk-cache": "1.3.3",
        "async-promise-queue": "1.0.4",
        "broccoli-plugin": "1.3.0",
        "fs-tree-diff": "2.0.1",
        "hash-for-dep": "1.5.1",
        "heimdalljs": "0.2.5",
        "heimdalljs-logger": "0.1.9",
        "mkdirp": "0.5.1",
        "promise-map-series": "0.2.3",
        "rimraf": "2.6.2",
        "rsvp": "4.8.5",
        "symlink-or-copy": "1.1.8",
        "sync-disk-cache": "1.3.3",
        "walk-sync": "1.1.4"
      },
      "dependencies": {
        "ensure-posix-path": {
          "version": "1.1.1",
          "resolved": "https://registry.npmjs.org/ensure-posix-path/-/ensure-posix-path-1.1.1.tgz",
          "integrity": "sha512-VWU0/zXzVbeJNXvME/5EmLuEj2TauvoaTz6aFYK1Z92JCBlDlZ3Gu0tuGR42kpW1754ywTs+QB0g5TP0oj9Zaw=="
        },
        "fs-tree-diff": {
          "version": "2.0.1",
          "resolved": "https://registry.npmjs.org/fs-tree-diff/-/fs-tree-diff-2.0.1.tgz",
          "integrity": "sha512-x+CfAZ/lJHQqwlD64pYM5QxWjzWhSjroaVsr8PW831zOApL55qPibed0c+xebaLWVr2BnHFoHdrwOv8pzt8R5A==",
          "requires": {
            "@types/symlink-or-copy": "1.2.0",
            "heimdalljs-logger": "0.1.9",
            "object-assign": "4.1.1",
            "path-posix": "1.0.0",
            "symlink-or-copy": "1.1.8"
          }
        },
        "hash-for-dep": {
          "version": "1.5.1",
          "resolved": "https://registry.npmjs.org/hash-for-dep/-/hash-for-dep-1.5.1.tgz",
          "integrity": "sha512-/dQ/A2cl7FBPI2pO0CANkvuuVi/IFS5oTyJ0PsOb6jW6WbVW1js5qJXMJTNbWHXBIPdFTWFbabjB+mE0d+gelw==",
          "requires": {
            "broccoli-kitchen-sink-helpers": "0.3.1",
            "heimdalljs": "0.2.5",
            "heimdalljs-logger": "0.1.9",
            "path-root": "0.1.1",
            "resolve": "1.12.0",
            "resolve-package-path": "1.2.7"
          }
        },
        "matcher-collection": {
          "version": "1.1.2",
          "resolved": "https://registry.npmjs.org/matcher-collection/-/matcher-collection-1.1.2.tgz",
          "integrity": "sha512-YQ/teqaOIIfUHedRam08PB3NK7Mjct6BvzRnJmpGDm8uFXpNr1sbY4yuflI5JcEs6COpYA0FpRQhSDBf1tT95g==",
          "requires": {
            "minimatch": "3.0.4"
          }
        },
        "resolve": {
          "version": "1.12.0",
          "resolved": "https://registry.npmjs.org/resolve/-/resolve-1.12.0.tgz",
          "integrity": "sha512-B/dOmuoAik5bKcD6s6nXDCjzUKnaDvdkRyAk6rsmsKLipWj4797iothd7jmmUhWTfinVMU+wc56rYKsit2Qy4w==",
          "requires": {
            "path-parse": "1.0.6"
          }
        },
        "rsvp": {
          "version": "4.8.5",
          "resolved": "https://registry.npmjs.org/rsvp/-/rsvp-4.8.5.tgz",
          "integrity": "sha512-nfMOlASu9OnRJo1mbEk2cz0D56a1MBNrJ7orjRZQG10XDyuvwksKbuXNp6qa+kbn839HwjwhBzhFmdsaEAfauA=="
        },
        "walk-sync": {
          "version": "1.1.4",
          "resolved": "https://registry.npmjs.org/walk-sync/-/walk-sync-1.1.4.tgz",
          "integrity": "sha512-nowc9thB/Jg0KW4TgxoRjLLYRPvl3DB/98S89r4ZcJqq2B0alNcKDh6pzLkBSkPMzRSMsJghJHQi79qw0YWEkA==",
          "requires": {
            "@types/minimatch": "3.0.3",
            "ensure-posix-path": "1.1.1",
            "matcher-collection": "1.1.2"
          }
        }
      }
    },
    "broccoli-plugin": {
      "version": "1.3.0",
      "resolved": "https://registry.npmjs.org/broccoli-plugin/-/broccoli-plugin-1.3.0.tgz",
      "integrity": "sha1-vucEqOQtoIy1jlE6qkNu+38O8e4=",
      "requires": {
        "promise-map-series": "0.2.3",
        "quick-temp": "0.1.8",
        "rimraf": "2.6.2",
        "symlink-or-copy": "1.1.8"
      }
    },
    "concat-map": {
      "version": "0.0.1",
      "resolved": "https://registry.npmjs.org/concat-map/-/concat-map-0.0.1.tgz",
      "integrity": "sha1-2Klr13/Wjfd5OnMDajug1UBdR3s="
    },
    "debug": {
      "version": "2.6.9",
      "resolved": "https://registry.npmjs.org/debug/-/debug-2.6.9.tgz",
      "integrity": "sha512-bC7ElrdJaJnPbAP+1EotYvqZsb3ecl5wi6Bfi6BJTUcNowp6cvspg0jXznRTKDjm/E7AdgFBVeAPVMNcKGsHMA==",
      "requires": {
        "ms": "2.0.0"
      }
    },
    "editions": {
      "version": "1.3.3",
      "resolved": "https://registry.npmjs.org/editions/-/editions-1.3.3.tgz",
      "integrity": "sha1-CQcQG92iD6w8vjNMJ8vQaI3Jmls="
    },
    "esprima": {
      "version": "4.0.0",
      "resolved": "https://registry.npmjs.org/esprima/-/esprima-4.0.0.tgz",
      "integrity": "sha512-oftTcaMu/EGrEIu904mWteKIv8vMuOgGYo7EhVJJN00R/EED9DCua/xxHRdYnKtcECzVg7xOWhflvJMnqcFZjw=="
    },
    "fs.realpath": {
      "version": "1.0.0",
      "resolved": "https://registry.npmjs.org/fs.realpath/-/fs.realpath-1.0.0.tgz",
      "integrity": "sha1-FQStJSMVjKpA20onh8sBQRmU6k8="
    },
    "glob": {
      "version": "7.1.2",
      "resolved": "https://registry.npmjs.org/glob/-/glob-7.1.2.tgz",
      "integrity": "sha512-MJTUg1kjuLeQCJ+ccE4Vpa6kKVXkPYJ2mOCQyUuKLcLQsdrMCpBPUi8qVE6+YuaJkozeA9NusTAw3hLr8Xe5EQ==",
      "requires": {
        "fs.realpath": "1.0.0",
        "inflight": "1.0.6",
        "inherits": "2.0.3",
        "minimatch": "3.0.4",
        "once": "1.4.0",
        "path-is-absolute": "1.0.1"
      }
    },
    "heimdalljs": {
      "version": "0.2.5",
      "resolved": "https://registry.npmjs.org/heimdalljs/-/heimdalljs-0.2.5.tgz",
      "integrity": "sha1-aqVDCO7nk7ZCz/nPlHgURfN3MKw=",
      "requires": {
        "rsvp": "3.2.1"
      },
      "dependencies": {
        "rsvp": {
          "version": "3.2.1",
          "resolved": "https://registry.npmjs.org/rsvp/-/rsvp-3.2.1.tgz",
          "integrity": "sha1-B8tKXfJa3Z6Cbrxn3Mn9idsn2Eo="
        }
      }
    },
    "heimdalljs-logger": {
      "version": "0.1.9",
      "resolved": "https://registry.npmjs.org/heimdalljs-logger/-/heimdalljs-logger-0.1.9.tgz",
      "integrity": "sha1-12raTkW3u294b8nAEKaOsuL68XY=",
      "requires": {
        "debug": "2.6.9",
        "heimdalljs": "0.2.5"
      }
    },
    "inflight": {
      "version": "1.0.6",
      "resolved": "https://registry.npmjs.org/inflight/-/inflight-1.0.6.tgz",
      "integrity": "sha1-Sb1jMdfQLQwJvJEKEHW6gWW1bfk=",
      "requires": {
        "once": "1.4.0",
        "wrappy": "1.0.2"
      }
    },
    "inherits": {
      "version": "2.0.3",
      "resolved": "https://registry.npmjs.org/inherits/-/inherits-2.0.3.tgz",
      "integrity": "sha1-Yzwsg+PaQqUC9SRmAiSA9CCCYd4="
    },
    "istextorbinary": {
      "version": "2.1.0",
      "resolved": "https://registry.npmjs.org/istextorbinary/-/istextorbinary-2.1.0.tgz",
      "integrity": "sha1-2+0qb1G+L3R1to+JRlgRFBt1iHQ=",
      "requires": {
        "binaryextensions": "2.0.0",
        "editions": "1.3.3",
        "textextensions": "2.1.0"
      }
    },
    "js-yaml": {
      "version": "3.13.1",
      "resolved": "https://registry.npmjs.org/js-yaml/-/js-yaml-3.13.1.tgz",
      "integrity": "sha512-YfbcO7jXDdyj0DGxYVSlSeQNHbD7XPWvrVWeVUujrQEoZzWJIRrCPoyk6kL6IAjAG2IolMK4T0hNUe0HOUs5Jw==",
      "requires": {
        "argparse": "1.0.9",
        "esprima": "4.0.0"
      }
    },
    "lodash": {
      "version": "4.17.4",
      "resolved": "https://registry.npmjs.org/lodash/-/lodash-4.17.4.tgz",
      "integrity": "sha1-eCA6TRwyiuHYbcpkYONptX9AVa4="
    },
    "minimatch": {
      "version": "3.0.4",
      "resolved": "https://registry.npmjs.org/minimatch/-/minimatch-3.0.4.tgz",
      "integrity": "sha512-yJHVQEhyqPLUTgt9B83PXu6W3rx4MvvHvSUvToogpwoGDOUQ+yDrR0HRot+yOCdCO7u4hX3pWft6kWBBcqh0UA==",
      "requires": {
        "brace-expansion": "1.1.8"
      }
    },
    "minimist": {
      "version": "0.0.8",
      "resolved": "https://registry.npmjs.org/minimist/-/minimist-0.0.8.tgz",
      "integrity": "sha1-hX/Kv8M5fSYluCKCYuhqp6ARsF0="
    },
    "mkdirp": {
      "version": "0.5.1",
      "resolved": "https://registry.npmjs.org/mkdirp/-/mkdirp-0.5.1.tgz",
      "integrity": "sha1-MAV0OOrGz3+MR2fzhkjWaX11yQM=",
      "requires": {
        "minimist": "0.0.8"
      }
    },
    "mktemp": {
      "version": "0.4.0",
      "resolved": "https://registry.npmjs.org/mktemp/-/mktemp-0.4.0.tgz",
      "integrity": "sha1-bQUVYRyKjITkhKogABKbmOmB/ws="
    },
    "ms": {
      "version": "2.0.0",
      "resolved": "https://registry.npmjs.org/ms/-/ms-2.0.0.tgz",
      "integrity": "sha1-VgiurfwAvmwpAd9fmGF4jeDVl8g="
    },
    "object-assign": {
      "version": "4.1.1",
      "resolved": "https://registry.npmjs.org/object-assign/-/object-assign-4.1.1.tgz",
      "integrity": "sha1-IQmtx5ZYh8/AXLvUQsrIv7s2CGM="
    },
    "once": {
      "version": "1.4.0",
      "resolved": "https://registry.npmjs.org/once/-/once-1.4.0.tgz",
      "integrity": "sha1-WDsap3WWHUsROsF9nFC6753Xa9E=",
      "requires": {
        "wrappy": "1.0.2"
      }
    },
    "path-is-absolute": {
      "version": "1.0.1",
      "resolved": "https://registry.npmjs.org/path-is-absolute/-/path-is-absolute-1.0.1.tgz",
      "integrity": "sha1-F0uSaHNVNP+8es5r9TpanhtcX18="
    },
    "path-parse": {
      "version": "1.0.6",
      "resolved": "https://registry.npmjs.org/path-parse/-/path-parse-1.0.6.tgz",
      "integrity": "sha512-GSmOT2EbHrINBf9SR7CDELwlJ8AENk3Qn7OikK4nFYAu3Ote2+JYNVvkpAEQm3/TLNEJFD/xZJjzyxg3KBWOzw=="
    },
    "path-posix": {
      "version": "1.0.0",
      "resolved": "https://registry.npmjs.org/path-posix/-/path-posix-1.0.0.tgz",
      "integrity": "sha1-BrJhE/Vr6rBCVFojv6iAA8ysJg8="
    },
    "path-root": {
      "version": "0.1.1",
      "resolved": "https://registry.npmjs.org/path-root/-/path-root-0.1.1.tgz",
      "integrity": "sha1-mkpoFMrBwM1zNgqV8yCDyOpHRbc=",
      "requires": {
        "path-root-regex": "0.1.2"
      }
    },
    "path-root-regex": {
      "version": "0.1.2",
      "resolved": "https://registry.npmjs.org/path-root-regex/-/path-root-regex-0.1.2.tgz",
      "integrity": "sha1-v8zcjfWxLcUsi0PsONGNcsBLqW0="
    },
    "promise-map-series": {
      "version": "0.2.3",
      "resolved": "https://registry.npmjs.org/promise-map-series/-/promise-map-series-0.2.3.tgz",
      "integrity": "sha1-wtN3r8kyU/a9A9u3d1XriKsgqEc=",
      "requires": {
        "rsvp": "3.6.2"
      }
    },
    "quick-temp": {
      "version": "0.1.8",
      "resolved": "https://registry.npmjs.org/quick-temp/-/quick-temp-0.1.8.tgz",
      "integrity": "sha1-urAqJCq4+w3XWKPJd2sy+aXZRAg=",
      "requires": {
        "mktemp": "0.4.0",
        "rimraf": "2.6.2",
        "underscore.string": "3.3.4"
      }
    },
    "resolve-package-path": {
      "version": "1.2.7",
      "resolved": "https://registry.npmjs.org/resolve-package-path/-/resolve-package-path-1.2.7.tgz",
      "integrity": "sha512-fVEKHGeK85bGbVFuwO9o1aU0n3vqQGrezPc51JGu9UTXpFQfWq5qCeKxyaRUSvephs+06c5j5rPq/dzHGEo8+Q==",
      "requires": {
        "path-root": "0.1.1",
        "resolve": "1.12.0"
      },
      "dependencies": {
        "resolve": {
          "version": "1.12.0",
          "resolved": "https://registry.npmjs.org/resolve/-/resolve-1.12.0.tgz",
          "integrity": "sha512-B/dOmuoAik5bKcD6s6nXDCjzUKnaDvdkRyAk6rsmsKLipWj4797iothd7jmmUhWTfinVMU+wc56rYKsit2Qy4w==",
          "requires": {
            "path-parse": "1.0.6"
          }
        }
      }
    },
    "rimraf": {
      "version": "2.6.2",
      "resolved": "https://registry.npmjs.org/rimraf/-/rimraf-2.6.2.tgz",
      "integrity": "sha512-lreewLK/BlghmxtfH36YYVg1i8IAce4TI7oao75I1g245+6BctqTVQiBP3YUJ9C6DQOXJmkYR9X9fCLtCOJc5w==",
      "requires": {
        "glob": "7.1.2"
      }
    },
    "rsvp": {
      "version": "3.6.2",
      "resolved": "https://registry.npmjs.org/rsvp/-/rsvp-3.6.2.tgz",
      "integrity": "sha512-OfWGQTb9vnwRjwtA2QwpG2ICclHC3pgXZO5xt8H2EfgDquO0qVdSb5T88L4qJVAEugbS56pAuV4XZM58UX8ulw=="
    },
    "sprintf-js": {
      "version": "1.1.1",
      "resolved": "https://registry.npmjs.org/sprintf-js/-/sprintf-js-1.1.1.tgz",
      "integrity": "sha1-Nr54Mgr+WAH2zqPueLblqrlA6gw="
    },
    "symlink-or-copy": {
      "version": "1.1.8",
      "resolved": "https://registry.npmjs.org/symlink-or-copy/-/symlink-or-copy-1.1.8.tgz",
      "integrity": "sha1-yr5h4AEMHAI8Fzsl7lEIs39LSqM="
    },
    "sync-disk-cache": {
      "version": "1.3.3",
      "resolved": "https://registry.npmjs.org/sync-disk-cache/-/sync-disk-cache-1.3.3.tgz",
      "integrity": "sha512-Kp7DFemXDPRUbFW856CKamtX7bJuThZPa2dwnK2RfNqMew7Ah8xDc52SdooNlfN8oydDdDHlBPLsXTrtmA7HKw==",
      "requires": {
        "debug": "2.6.9",
        "heimdalljs": "0.2.5",
        "mkdirp": "0.5.1",
        "rimraf": "2.6.2",
        "username-sync": "1.0.2"
      },
      "dependencies": {
        "username-sync": {
          "version": "1.0.2",
          "resolved": "https://registry.npmjs.org/username-sync/-/username-sync-1.0.2.tgz",
          "integrity": "sha512-ayNkOJdoNSGNDBE46Nkc+l6IXmeugbzahZLSMkwvgRWv5y5ZqNY2IrzcgmkR4z32sj1W3tM3TuTUMqkqBzO+RA=="
        }
      }
    },
    "textextensions": {
      "version": "2.1.0",
      "resolved": "https://registry.npmjs.org/textextensions/-/textextensions-2.1.0.tgz",
      "integrity": "sha1-G+DcKg3CRNRL6KCa9qha+5PE28M="
    },
    "underscore.string": {
      "version": "3.3.4",
      "resolved": "https://registry.npmjs.org/underscore.string/-/underscore.string-3.3.4.tgz",
      "integrity": "sha1-LCo/n4PmR2L9xF5s6sZRQoZCE9s=",
      "requires": {
        "sprintf-js": "1.1.1",
        "util-deprecate": "1.0.2"
      }
    },
    "username-sync": {
      "version": "1.0.1",
      "resolved": "https://registry.npmjs.org/username-sync/-/username-sync-1.0.1.tgz",
      "integrity": "sha1-HN6H7vz5S4gimE2Ti6K3l0Jtrh8="
    },
    "util-deprecate": {
      "version": "1.0.2",
      "resolved": "https://registry.npmjs.org/util-deprecate/-/util-deprecate-1.0.2.tgz",
      "integrity": "sha1-RQ1Nyfpw3nMnYvvS1KKJgUGaDM8="
    },
    "wrappy": {
      "version": "1.0.2",
      "resolved": "https://registry.npmjs.org/wrappy/-/wrappy-1.0.2.tgz",
      "integrity": "sha1-tSQ9jz7BqjXxNkYFvA0QNuMKtp8="
    }
  }
}
